
Microsoft Visual Studio Solution File, Format Version 12.00
# Visual Studio Version 17
VisualStudioVersion = 17.8.34525.116
MinimumVisualStudioVersion = 10.0.40219.1
Project("{FAE04EC0-301F-11D3-BF4B-00C04F79EFBC}") = "AdminBackendApi", "AdminBackendApi\AdminBackendApi.csproj", "{CD5AF2E7-661E-4E13-A7A8-601DA758A895}"
EndProject
Project("{FAE04EC0-301F-11D3-BF4B-00C04F79EFBC}") = "ClientBackendApi", "ClientBackendApi\ClientBackendApi.csproj", "{AAA93B5C-D126-4E7E-87E3-7008EC2A97C4}"
EndProject
Global
	GlobalSection(SolutionConfigurationPlatforms) = preSolution
		Debug|Any CPU = Debug|Any CPU
		Release|Any CPU = Release|Any CPU
	EndGlobalSection
	GlobalSection(ProjectConfigurationPlatforms) = postSolution
		{CD5AF2E7-661E-4E13-A7A8-601DA758A895}.Debug|Any CPU.ActiveCfg = Debug|Any CPU
		{CD5AF2E7-661E-4E13-A7A8-601DA758A895}.Debug|Any CPU.Build.0 = Debug|Any CPU
		{CD5AF2E7-661E-4E13-A7A8-601DA758A895}.Release|Any CPU.ActiveCfg = Release|Any CPU
		{CD5AF2E7-661E-4E13-A7A8-601DA758A895}.Release|Any CPU.Build.0 = Release|Any CPU
		{AAA93B5C-D126-4E7E-87E3-7008EC2A97C4}.Debug|Any CPU.ActiveCfg = Debug|Any CPU
		{AAA93B5C-D126-4E7E-87E3-7008EC2A97C4}.Debug|Any CPU.Build.0 = Debug|Any CPU
		{AAA93B5C-D126-4E7E-87E3-7008EC2A97C4}.Release|Any CPU.ActiveCfg = Release|Any CPU
		{AAA93B5C-D126-4E7E-87E3-7008EC2A97C4}.Release|Any CPU.Build.0 = Release|Any CPU
	EndGlobalSection
	GlobalSection(SolutionProperties) = preSolution
		HideSolutionNode = FALSE
	EndGlobalSection
	GlobalSection(ExtensibilityGlobals) = postSolution
		SolutionGuid = {7EBB7759-5F04-4214-9CC5-40E520211F90}
	EndGlobalSection
EndGlobal
